
Microsoft Visual Studio Solution File, Format Version 12.00
# Visual Studio Version 16
VisualStudioVersion = 16.0.28803.352
MinimumVisualStudioVersion = 10.0.40219.1
Project("{FAE04EC0-301F-11D3-BF4B-00C04F79EFBC}") = "Ocarina_Quest", "Ocarina_Quest\Ocarina_Quest.csproj", "{9A078F6E-283B-4806-A5AB-42EF36BD549B}"
EndProject
Global
	GlobalSection(SolutionConfigurationPlatforms) = preSolution
		Debug|Any CPU = Debug|Any CPU
		Release|Any CPU = Release|Any CPU
	EndGlobalSection
	GlobalSection(ProjectConfigurationPlatforms) = postSolution
		{9A078F6E-283B-4806-A5AB-42EF36BD549B}.Debug|Any CPU.ActiveCfg = Debug|Any CPU
		{9A078F6E-283B-4806-A5AB-42EF36BD549B}.Debug|Any CPU.Build.0 = Debug|Any CPU
		{9A078F6E-283B-4806-A5AB-42EF36BD549B}.Release|Any CPU.ActiveCfg = Release|Any CPU
		{9A078F6E-283B-4806-A5AB-42EF36BD549B}.Release|Any CPU.Build.0 = Release|Any CPU
	EndGlobalSection
	GlobalSection(SolutionProperties) = preSolution
		HideSolutionNode = FALSE
	EndGlobalSection
	GlobalSection(ExtensibilityGlobals) = postSolution
		SolutionGuid = {0D377B3B-76E4-468A-8811-74EC322ECA9B}
	EndGlobalSection
EndGlobal
